{
  "nodes": {
    "nixpkgs": {
      "locked": {
        "lastModified": 1765472234,
        "narHash": "sha256-9VvC20PJPsleGMewwcWYKGzDIyjckEz8uWmT0vCDYK0=",
        "owner": "NixOS",
        "repo": "nixpkgs",
        "rev": "2fbfb1d73d239d2402a8fe03963e37aab15abe8b",
        "type": "github"
      },
      "original": {
        "owner": "NixOS",
        "ref": "nixos-unstable",
        "repo": "nixpkgs",
        "type": "github"
      }
    },
    "root": {
      "inputs": {
        "tooling": "tooling"
      }
    },
    "rust-overlay": {
      "inputs": {
        "nixpkgs": [
          "tooling",
          "nixpkgs"
        ]
      },
      "locked": {
        "lastModified": 1765680428,
        "narHash": "sha256-fyPmRof9SZeI14ChPk5rVPOm7ISiiGkwGCunkhM+eUg=",
        "owner": "oxalica",
        "repo": "rust-overlay",
        "rev": "eb3898d8ef143d4bf0f7f2229105fc51c7731b2f",
        "type": "github"
      },
      "original": {
        "owner": "oxalica",
        "repo": "rust-overlay",
        "type": "github"
      }
    },
    "tooling": {
      "inputs": {
        "nixpkgs": "nixpkgs",
        "rust-overlay": "rust-overlay"
      },
      "locked": {
        "lastModified": 1758049156,
        "narHash": "sha256-1WwkfzlRgYs8YmDlflTqJvbKowZMtOW946dXdVCLgPM=",
        "owner": "mox-desktop",
        "repo": "tooling",
        "rev": "489521b7a1a38d76491c9b443e4af9beec7f0350",
        "type": "github"
      },
      "original": {
        "owner": "mox-desktop",
        "repo": "tooling",
        "type": "github"
      }
    }
  },
  "root": "root",
  "version": 7
}
