{
  "nodes": {
    "nixpkgs": {
      "locked": {
        "lastModified": 1766070988,
        "narHash": "sha256-G/WVghka6c4bAzMhTwT2vjLccg/awmHkdKSd2JrycLc=",
        "owner": "NixOS",
        "repo": "nixpkgs",
        "rev": "c6245e83d836d0433170a16eb185cefe0572f8b8",
        "type": "github"
      },
      "original": {
        "owner": "NixOS",
        "ref": "nixos-unstable",
        "repo": "nixpkgs",
        "type": "github"
      }
    },
    "root": {
      "inputs": {
        "tooling": "tooling"
      }
    },
    "rust-overlay": {
      "inputs": {
        "nixpkgs": [
          "tooling",
          "nixpkgs"
        ]
      },
      "locked": {
        "lastModified": 1766285238,
        "narHash": "sha256-DqVXFZ4ToiFHgnxebMWVL70W+U+JOxpmfD37eWD/Qc8=",
        "owner": "oxalica",
        "repo": "rust-overlay",
        "rev": "c4249d0c370d573d95e33b472014eae4f2507c2f",
        "type": "github"
      },
      "original": {
        "owner": "oxalica",
        "repo": "rust-overlay",
        "type": "github"
      }
    },
    "tooling": {
      "inputs": {
        "nixpkgs": "nixpkgs",
        "rust-overlay": "rust-overlay"
      },
      "locked": {
        "lastModified": 1758049156,
        "narHash": "sha256-1WwkfzlRgYs8YmDlflTqJvbKowZMtOW946dXdVCLgPM=",
        "owner": "mox-desktop",
        "repo": "tooling",
        "rev": "489521b7a1a38d76491c9b443e4af9beec7f0350",
        "type": "github"
      },
      "original": {
        "owner": "mox-desktop",
        "repo": "tooling",
        "type": "github"
      }
    }
  },
  "root": "root",
  "version": 7
}
