{
  "nodes": {
    "nixpkgs": {
      "locked": {
        "lastModified": 1768564909,
        "narHash": "sha256-Kell/SpJYVkHWMvnhqJz/8DqQg2b6PguxVWOuadbHCc=",
        "owner": "NixOS",
        "repo": "nixpkgs",
        "rev": "e4bae1bd10c9c57b2cf517953ab70060a828ee6f",
        "type": "github"
      },
      "original": {
        "owner": "NixOS",
        "ref": "nixos-unstable",
        "repo": "nixpkgs",
        "type": "github"
      }
    },
    "root": {
      "inputs": {
        "tooling": "tooling"
      }
    },
    "rust-overlay": {
      "inputs": {
        "nixpkgs": [
          "tooling",
          "nixpkgs"
        ]
      },
      "locked": {
        "lastModified": 1768704795,
        "narHash": "sha256-Y33TAp2BHEcuspYvcmBXXD0qdvjftv73PwyKTDOjoSY=",
        "owner": "oxalica",
        "repo": "rust-overlay",
        "rev": "4b7472a78857ac789fb26616040f55cfcbd36c6e",
        "type": "github"
      },
      "original": {
        "owner": "oxalica",
        "repo": "rust-overlay",
        "type": "github"
      }
    },
    "tooling": {
      "inputs": {
        "nixpkgs": "nixpkgs",
        "rust-overlay": "rust-overlay"
      },
      "locked": {
        "lastModified": 1758049156,
        "narHash": "sha256-1WwkfzlRgYs8YmDlflTqJvbKowZMtOW946dXdVCLgPM=",
        "owner": "mox-desktop",
        "repo": "tooling",
        "rev": "489521b7a1a38d76491c9b443e4af9beec7f0350",
        "type": "github"
      },
      "original": {
        "owner": "mox-desktop",
        "repo": "tooling",
        "type": "github"
      }
    }
  },
  "root": "root",
  "version": 7
}
